PODS:
  - FLEX (2.4.0)
  - FMDB (2.7.5):
    - FMDB/standard (= 2.7.5)
  - FMDB/standard (2.7.5)
  - iOSDeviceScreenAdapter (1.0.3)
  - IQKeyboardManager (6.2.0)
  - Masonry (1.1.0)
  - PKRevealController (2.0.6)
  - PSTAlertController (1.2.0)
  - UIExtensionKit (0.0.2)

DEPENDENCIES:
  - FLEX
  - FMDB
  - iOSDeviceScreenAdapter
  - IQKeyboardManager
  - Masonry
  - PKRevealController
  - PSTAlertController
  - UIExtensionKit

SPEC REPOS:
  https://github.com/cocoapods/specs.git:
    - FLEX
    - FMDB
    - iOSDeviceScreenAdapter
    - IQKeyboardManager
    - Masonry
    - PKRevealController
    - PSTAlertController
    - UIExtensionKit

SPEC CHECKSUMS:
  FLEX: bd1a39e55b56bb413b6f1b34b3c10a0dc44ef079
  FMDB: 2ce00b547f966261cd18927a3ddb07cb6f3db82a
  iOSDeviceScreenAdapter: 4e5008b600996bd511e4b7f88c2d8d4b9b21398c
  IQKeyboardManager: 6194101620b73af5e67900b8f89707a99de0b804
  Masonry: 678fab65091a9290e40e2832a55e7ab731aad201
  PKRevealController: ffb45a16f5a5032ad90a3d16e5cbb0d8e035bd58
  PSTAlertController: 9b802dfbda54fee2683bfd6dda7023a6de895d5b
  UIExtensionKit: 839b0092ae7cbb857c4692fb7e4f9379c97fa24c

PODFILE CHECKSUM: d16b576dad59b9cd605127df44171b8370920e4e

COCOAPODS: 1.6.0.rc.2
