// !$*UTF8*$!
{
	archiveVersion = 1;
	classes = {
	};
	objectVersion = 46;
	objects = {

/* Begin PBXBuildFile section */
		350EDF8922094C85003AD2D9 /* BaseTableViewCell.m in Sources */ = {isa = PBXBuildFile; fileRef = 350EDF8822094C85003AD2D9 /* BaseTableViewCell.m */; };
		350EDF8E22094CEF003AD2D9 /* CharacteristicTabeViewCell.m in Sources */ = {isa = PBXBuildFile; fileRef = 350EDF8D22094CEF003AD2D9 /* CharacteristicTabeViewCell.m */; };
		35184C70220ADE82001C8242 /* ServiceViewController.m in Sources */ = {isa = PBXBuildFile; fileRef = 35184C6F220ADE82001C8242 /* ServiceViewController.m */; };
		35184C73220C1A77001C8242 /* ServiceTableViewCell.m in Sources */ = {isa = PBXBuildFile; fileRef = 35184C72220C1A77001C8242 /* ServiceTableViewCell.m */; };
		35184C76220C2746001C8242 /* ViewModel.m in Sources */ = {isa = PBXBuildFile; fileRef = 35184C75220C2746001C8242 /* ViewModel.m */; };
		3558C0092211733A0041D02D /* ControllerAnimationManager.m in Sources */ = {isa = PBXBuildFile; fileRef = 3558C0082211733A0041D02D /* ControllerAnimationManager.m */; };
		3558C00D221174EE0041D02D /* CharacteristicViewController.m in Sources */ = {isa = PBXBuildFile; fileRef = 3558C00C221174EE0041D02D /* CharacteristicViewController.m */; };
		3558C01022117E900041D02D /* CBCharacteristic+StringExtensions.m in Sources */ = {isa = PBXBuildFile; fileRef = 3558C00F22117E900041D02D /* CBCharacteristic+StringExtensions.m */; };
		3561D2672203D8C1000491D2 /* BaseViewController.m in Sources */ = {isa = PBXBuildFile; fileRef = 3561D2662203D8C1000491D2 /* BaseViewController.m */; };
		35A7D6622223980300B03F12 /* DPService.m in Sources */ = {isa = PBXBuildFile; fileRef = 35A7D6612223980300B03F12 /* DPService.m */; };
		35A7D6652223981100B03F12 /* DPCharacteristic.m in Sources */ = {isa = PBXBuildFile; fileRef = 35A7D6642223981100B03F12 /* DPCharacteristic.m */; };
		35CF4361221403D200107DE4 /* SwitchTableViewCell.m in Sources */ = {isa = PBXBuildFile; fileRef = 35CF4360221403D200107DE4 /* SwitchTableViewCell.m */; };
		35F1F89E2237B74C0042B1ED /* CentralViewController.m in Sources */ = {isa = PBXBuildFile; fileRef = 35F1F89D2237B74C0042B1ED /* CentralViewController.m */; };
		35F1F8A12237BB120042B1ED /* PeripheralTableViewCell.m in Sources */ = {isa = PBXBuildFile; fileRef = 35F1F8A02237BB120042B1ED /* PeripheralTableViewCell.m */; };
		35F7DB23220889270045F7B0 /* Localizable.strings in Resources */ = {isa = PBXBuildFile; fileRef = 35F7DB25220889270045F7B0 /* Localizable.strings */; };
		819F4A0A64B934D5E6793BA9 /* Pods_BLEDemoPeripheral.framework in Frameworks */ = {isa = PBXBuildFile; fileRef = EDFDC52ACB2C95D53810726F /* Pods_BLEDemoPeripheral.framework */; };
		B40A3486224721BB0004644E /* StatusBarView.m in Sources */ = {isa = PBXBuildFile; fileRef = B40A3485224721BB0004644E /* StatusBarView.m */; };
		B43B4D3723079F3C009F9F94 /* LFDataMigrater.m in Sources */ = {isa = PBXBuildFile; fileRef = B43B4D3423079F3B009F9F94 /* LFDataMigrater.m */; };
		B43B4D3823079F3C009F9F94 /* LFDataInfo.m in Sources */ = {isa = PBXBuildFile; fileRef = B43B4D3523079F3B009F9F94 /* LFDataInfo.m */; };
		B43B4D3923079F3C009F9F94 /* NSError+LFDataMigrater.m in Sources */ = {isa = PBXBuildFile; fileRef = B43B4D3623079F3B009F9F94 /* NSError+LFDataMigrater.m */; };
		B44D1FA71F3841840011AC95 /* main.m in Sources */ = {isa = PBXBuildFile; fileRef = B44D1FA61F3841840011AC95 /* main.m */; };
		B44D1FAA1F3841840011AC95 /* AppDelegate.m in Sources */ = {isa = PBXBuildFile; fileRef = B44D1FA91F3841840011AC95 /* AppDelegate.m */; };
		B44D1FB21F3841840011AC95 /* Assets.xcassets in Resources */ = {isa = PBXBuildFile; fileRef = B44D1FB11F3841840011AC95 /* Assets.xcassets */; };
		B44D1FB51F3841840011AC95 /* LaunchScreen.storyboard in Resources */ = {isa = PBXBuildFile; fileRef = B44D1FB31F3841840011AC95 /* LaunchScreen.storyboard */; };
		B44D1FBE1F3842770011AC95 /* MainViewController.m in Sources */ = {isa = PBXBuildFile; fileRef = B44D1FBD1F3842770011AC95 /* MainViewController.m */; };
		B4800132224FB6F600E0507E /* CentralServiceTableViewCell.m in Sources */ = {isa = PBXBuildFile; fileRef = B4800131224FB6F600E0507E /* CentralServiceTableViewCell.m */; };
		B4800135224FB96A00E0507E /* CentralCharacteristicTableViewCell.m in Sources */ = {isa = PBXBuildFile; fileRef = B4800134224FB96A00E0507E /* CentralCharacteristicTableViewCell.m */; };
		B4A835132283307F0026FEDB /* UIButton+Reactive.m in Sources */ = {isa = PBXBuildFile; fileRef = B4A835122283307F0026FEDB /* UIButton+Reactive.m */; };
		B4C2881F221EFD7A00E528AE /* DataBaseManager.m in Sources */ = {isa = PBXBuildFile; fileRef = B4C2881E221EFD7A00E528AE /* DataBaseManager.m */; };
		B4CC5DA82243C808002EAE63 /* PeripheralViewController.m in Sources */ = {isa = PBXBuildFile; fileRef = B4CC5DA72243C808002EAE63 /* PeripheralViewController.m */; };
		B4EAB1D72236A05300CCA4F5 /* SideMenuViewController.m in Sources */ = {isa = PBXBuildFile; fileRef = B4EAB1D62236A05300CCA4F5 /* SideMenuViewController.m */; };
		B4F436A222301E760031EEC6 /* AboutViewController.m in Sources */ = {isa = PBXBuildFile; fileRef = B4F436A122301E760031EEC6 /* AboutViewController.m */; };
/* End PBXBuildFile section */

/* Begin PBXFileReference section */
		2606390A15FA0B0AC7CDE7E5 /* Pods-BLEDemoPeripheral.release.xcconfig */ = {isa = PBXFileReference; includeInIndex = 1; lastKnownFileType = text.xcconfig; name = "Pods-BLEDemoPeripheral.release.xcconfig"; path = "Pods/Target Support Files/Pods-BLEDemoPeripheral/Pods-BLEDemoPeripheral.release.xcconfig"; sourceTree = "<group>"; };
		350EDF8722094C85003AD2D9 /* BaseTableViewCell.h */ = {isa = PBXFileReference; lastKnownFileType = sourcecode.c.h; path = BaseTableViewCell.h; sourceTree = "<group>"; };
		350EDF8822094C85003AD2D9 /* BaseTableViewCell.m */ = {isa = PBXFileReference; lastKnownFileType = sourcecode.c.objc; path = BaseTableViewCell.m; sourceTree = "<group>"; };
		350EDF8C22094CEF003AD2D9 /* CharacteristicTabeViewCell.h */ = {isa = PBXFileReference; lastKnownFileType = sourcecode.c.h; path = CharacteristicTabeViewCell.h; sourceTree = "<group>"; };
		350EDF8D22094CEF003AD2D9 /* CharacteristicTabeViewCell.m */ = {isa = PBXFileReference; lastKnownFileType = sourcecode.c.objc; path = CharacteristicTabeViewCell.m; sourceTree = "<group>"; };
		35184C6E220ADE82001C8242 /* ServiceViewController.h */ = {isa = PBXFileReference; lastKnownFileType = sourcecode.c.h; path = ServiceViewController.h; sourceTree = "<group>"; };
		35184C6F220ADE82001C8242 /* ServiceViewController.m */ = {isa = PBXFileReference; lastKnownFileType = sourcecode.c.objc; path = ServiceViewController.m; sourceTree = "<group>"; };
		35184C71220C1A77001C8242 /* ServiceTableViewCell.h */ = {isa = PBXFileReference; lastKnownFileType = sourcecode.c.h; path = ServiceTableViewCell.h; sourceTree = "<group>"; };
		35184C72220C1A77001C8242 /* ServiceTableViewCell.m */ = {isa = PBXFileReference; lastKnownFileType = sourcecode.c.objc; path = ServiceTableViewCell.m; sourceTree = "<group>"; };
		35184C74220C2746001C8242 /* ViewModel.h */ = {isa = PBXFileReference; lastKnownFileType = sourcecode.c.h; path = ViewModel.h; sourceTree = "<group>"; };
		35184C75220C2746001C8242 /* ViewModel.m */ = {isa = PBXFileReference; lastKnownFileType = sourcecode.c.objc; path = ViewModel.m; sourceTree = "<group>"; };
		35184C79220DC2D9001C8242 /* Constants.h */ = {isa = PBXFileReference; lastKnownFileType = sourcecode.c.h; path = Constants.h; sourceTree = "<group>"; };
		353D8CEC220DC6D7000C1EFB /* PrefixHeader.pch */ = {isa = PBXFileReference; lastKnownFileType = sourcecode.c.h; path = PrefixHeader.pch; sourceTree = "<group>"; };
		3558C0072211733A0041D02D /* ControllerAnimationManager.h */ = {isa = PBXFileReference; fileEncoding = 4; lastKnownFileType = sourcecode.c.h; path = ControllerAnimationManager.h; sourceTree = "<group>"; };
		3558C0082211733A0041D02D /* ControllerAnimationManager.m */ = {isa = PBXFileReference; fileEncoding = 4; lastKnownFileType = sourcecode.c.objc; path = ControllerAnimationManager.m; sourceTree = "<group>"; };
		3558C00B221174EE0041D02D /* CharacteristicViewController.h */ = {isa = PBXFileReference; lastKnownFileType = sourcecode.c.h; path = CharacteristicViewController.h; sourceTree = "<group>"; };
		3558C00C221174EE0041D02D /* CharacteristicViewController.m */ = {isa = PBXFileReference; lastKnownFileType = sourcecode.c.objc; path = CharacteristicViewController.m; sourceTree = "<group>"; };
		3558C00E22117E900041D02D /* CBCharacteristic+StringExtensions.h */ = {isa = PBXFileReference; lastKnownFileType = sourcecode.c.h; path = "CBCharacteristic+StringExtensions.h"; sourceTree = "<group>"; };
		3558C00F22117E900041D02D /* CBCharacteristic+StringExtensions.m */ = {isa = PBXFileReference; lastKnownFileType = sourcecode.c.objc; path = "CBCharacteristic+StringExtensions.m"; sourceTree = "<group>"; };
		3561D2652203D8C1000491D2 /* BaseViewController.h */ = {isa = PBXFileReference; lastKnownFileType = sourcecode.c.h; path = BaseViewController.h; sourceTree = "<group>"; };
		3561D2662203D8C1000491D2 /* BaseViewController.m */ = {isa = PBXFileReference; lastKnownFileType = sourcecode.c.objc; path = BaseViewController.m; sourceTree = "<group>"; };
		35A7D6602223980300B03F12 /* DPService.h */ = {isa = PBXFileReference; lastKnownFileType = sourcecode.c.h; path = DPService.h; sourceTree = "<group>"; };
		35A7D6612223980300B03F12 /* DPService.m */ = {isa = PBXFileReference; lastKnownFileType = sourcecode.c.objc; path = DPService.m; sourceTree = "<group>"; };
		35A7D6632223981100B03F12 /* DPCharacteristic.h */ = {isa = PBXFileReference; lastKnownFileType = sourcecode.c.h; path = DPCharacteristic.h; sourceTree = "<group>"; };
		35A7D6642223981100B03F12 /* DPCharacteristic.m */ = {isa = PBXFileReference; lastKnownFileType = sourcecode.c.objc; path = DPCharacteristic.m; sourceTree = "<group>"; };
		35CF435F221403D200107DE4 /* SwitchTableViewCell.h */ = {isa = PBXFileReference; lastKnownFileType = sourcecode.c.h; path = SwitchTableViewCell.h; sourceTree = "<group>"; };
		35CF4360221403D200107DE4 /* SwitchTableViewCell.m */ = {isa = PBXFileReference; lastKnownFileType = sourcecode.c.objc; path = SwitchTableViewCell.m; sourceTree = "<group>"; };
		35F1F89C2237B74C0042B1ED /* CentralViewController.h */ = {isa = PBXFileReference; lastKnownFileType = sourcecode.c.h; path = CentralViewController.h; sourceTree = "<group>"; };
		35F1F89D2237B74C0042B1ED /* CentralViewController.m */ = {isa = PBXFileReference; lastKnownFileType = sourcecode.c.objc; path = CentralViewController.m; sourceTree = "<group>"; };
		35F1F89F2237BB120042B1ED /* PeripheralTableViewCell.h */ = {isa = PBXFileReference; lastKnownFileType = sourcecode.c.h; path = PeripheralTableViewCell.h; sourceTree = "<group>"; };
		35F1F8A02237BB120042B1ED /* PeripheralTableViewCell.m */ = {isa = PBXFileReference; lastKnownFileType = sourcecode.c.objc; path = PeripheralTableViewCell.m; sourceTree = "<group>"; };
		35F7DB20220888870045F7B0 /* zh-Hans */ = {isa = PBXFileReference; lastKnownFileType = text.plist.strings; name = "zh-Hans"; path = "zh-Hans.lproj/LaunchScreen.strings"; sourceTree = "<group>"; };
		35F7DB24220889270045F7B0 /* en */ = {isa = PBXFileReference; lastKnownFileType = text.plist.strings; name = en; path = en.lproj/Localizable.strings; sourceTree = "<group>"; };
		35F7DB26220889390045F7B0 /* zh-Hans */ = {isa = PBXFileReference; lastKnownFileType = text.plist.strings; name = "zh-Hans"; path = "zh-Hans.lproj/Localizable.strings"; sourceTree = "<group>"; };
		867E6E9C5FF211B7AE199967 /* Pods-BLEDemoPeripheral.debug.xcconfig */ = {isa = PBXFileReference; includeInIndex = 1; lastKnownFileType = text.xcconfig; name = "Pods-BLEDemoPeripheral.debug.xcconfig"; path = "Pods/Target Support Files/Pods-BLEDemoPeripheral/Pods-BLEDemoPeripheral.debug.xcconfig"; sourceTree = "<group>"; };
		B40A3484224721BB0004644E /* StatusBarView.h */ = {isa = PBXFileReference; lastKnownFileType = sourcecode.c.h; path = StatusBarView.h; sourceTree = "<group>"; };
		B40A3485224721BB0004644E /* StatusBarView.m */ = {isa = PBXFileReference; lastKnownFileType = sourcecode.c.objc; path = StatusBarView.m; sourceTree = "<group>"; };
		B43B4D3123079F3B009F9F94 /* LFDataMigrater.h */ = {isa = PBXFileReference; fileEncoding = 4; lastKnownFileType = sourcecode.c.h; path = LFDataMigrater.h; sourceTree = "<group>"; };
		B43B4D3223079F3B009F9F94 /* NSError+LFDataMigrater.h */ = {isa = PBXFileReference; fileEncoding = 4; lastKnownFileType = sourcecode.c.h; path = "NSError+LFDataMigrater.h"; sourceTree = "<group>"; };
		B43B4D3323079F3B009F9F94 /* LFDataInfo.h */ = {isa = PBXFileReference; fileEncoding = 4; lastKnownFileType = sourcecode.c.h; path = LFDataInfo.h; sourceTree = "<group>"; };
		B43B4D3423079F3B009F9F94 /* LFDataMigrater.m */ = {isa = PBXFileReference; fileEncoding = 4; lastKnownFileType = sourcecode.c.objc; path = LFDataMigrater.m; sourceTree = "<group>"; };
		B43B4D3523079F3B009F9F94 /* LFDataInfo.m */ = {isa = PBXFileReference; fileEncoding = 4; lastKnownFileType = sourcecode.c.objc; path = LFDataInfo.m; sourceTree = "<group>"; };
		B43B4D3623079F3B009F9F94 /* NSError+LFDataMigrater.m */ = {isa = PBXFileReference; fileEncoding = 4; lastKnownFileType = sourcecode.c.objc; path = "NSError+LFDataMigrater.m"; sourceTree = "<group>"; };
		B44D1FA21F3841840011AC95 /* BLEDemoPeripheral.app */ = {isa = PBXFileReference; explicitFileType = wrapper.application; includeInIndex = 0; path = BLEDemoPeripheral.app; sourceTree = BUILT_PRODUCTS_DIR; };
		B44D1FA61F3841840011AC95 /* main.m */ = {isa = PBXFileReference; lastKnownFileType = sourcecode.c.objc; path = main.m; sourceTree = "<group>"; };
		B44D1FA81F3841840011AC95 /* AppDelegate.h */ = {isa = PBXFileReference; lastKnownFileType = sourcecode.c.h; path = AppDelegate.h; sourceTree = "<group>"; };
		B44D1FA91F3841840011AC95 /* AppDelegate.m */ = {isa = PBXFileReference; lastKnownFileType = sourcecode.c.objc; path = AppDelegate.m; sourceTree = "<group>"; };
		B44D1FB11F3841840011AC95 /* Assets.xcassets */ = {isa = PBXFileReference; lastKnownFileType = folder.assetcatalog; path = Assets.xcassets; sourceTree = "<group>"; };
		B44D1FB41F3841840011AC95 /* Base */ = {isa = PBXFileReference; lastKnownFileType = file.storyboard; name = Base; path = Base.lproj/LaunchScreen.storyboard; sourceTree = "<group>"; };
		B44D1FB61F3841840011AC95 /* Info.plist */ = {isa = PBXFileReference; lastKnownFileType = text.plist.xml; path = Info.plist; sourceTree = "<group>"; };
		B44D1FBC1F3842770011AC95 /* MainViewController.h */ = {isa = PBXFileReference; fileEncoding = 4; lastKnownFileType = sourcecode.c.h; path = MainViewController.h; sourceTree = "<group>"; };
		B44D1FBD1F3842770011AC95 /* MainViewController.m */ = {isa = PBXFileReference; fileEncoding = 4; lastKnownFileType = sourcecode.c.objc; path = MainViewController.m; sourceTree = "<group>"; };
		B4800130224FB6F600E0507E /* CentralServiceTableViewCell.h */ = {isa = PBXFileReference; lastKnownFileType = sourcecode.c.h; path = CentralServiceTableViewCell.h; sourceTree = "<group>"; };
		B4800131224FB6F600E0507E /* CentralServiceTableViewCell.m */ = {isa = PBXFileReference; lastKnownFileType = sourcecode.c.objc; path = CentralServiceTableViewCell.m; sourceTree = "<group>"; };
		B4800133224FB96A00E0507E /* CentralCharacteristicTableViewCell.h */ = {isa = PBXFileReference; lastKnownFileType = sourcecode.c.h; path = CentralCharacteristicTableViewCell.h; sourceTree = "<group>"; };
		B4800134224FB96A00E0507E /* CentralCharacteristicTableViewCell.m */ = {isa = PBXFileReference; lastKnownFileType = sourcecode.c.objc; path = CentralCharacteristicTableViewCell.m; sourceTree = "<group>"; };
		B4A835112283307F0026FEDB /* UIButton+Reactive.h */ = {isa = PBXFileReference; lastKnownFileType = sourcecode.c.h; path = "UIButton+Reactive.h"; sourceTree = "<group>"; };
		B4A835122283307F0026FEDB /* UIButton+Reactive.m */ = {isa = PBXFileReference; lastKnownFileType = sourcecode.c.objc; path = "UIButton+Reactive.m"; sourceTree = "<group>"; };
		B4C2881D221EFD7A00E528AE /* DataBaseManager.h */ = {isa = PBXFileReference; lastKnownFileType = sourcecode.c.h; path = DataBaseManager.h; sourceTree = "<group>"; };
		B4C2881E221EFD7A00E528AE /* DataBaseManager.m */ = {isa = PBXFileReference; lastKnownFileType = sourcecode.c.objc; path = DataBaseManager.m; sourceTree = "<group>"; };
		B4CC5DA62243C808002EAE63 /* PeripheralViewController.h */ = {isa = PBXFileReference; lastKnownFileType = sourcecode.c.h; path = PeripheralViewController.h; sourceTree = "<group>"; };
		B4CC5DA72243C808002EAE63 /* PeripheralViewController.m */ = {isa = PBXFileReference; lastKnownFileType = sourcecode.c.objc; path = PeripheralViewController.m; sourceTree = "<group>"; };
		B4EAB1D52236A05300CCA4F5 /* SideMenuViewController.h */ = {isa = PBXFileReference; lastKnownFileType = sourcecode.c.h; path = SideMenuViewController.h; sourceTree = "<group>"; };
		B4EAB1D62236A05300CCA4F5 /* SideMenuViewController.m */ = {isa = PBXFileReference; lastKnownFileType = sourcecode.c.objc; path = SideMenuViewController.m; sourceTree = "<group>"; };
		B4F436A022301E760031EEC6 /* AboutViewController.h */ = {isa = PBXFileReference; lastKnownFileType = sourcecode.c.h; path = AboutViewController.h; sourceTree = "<group>"; };
		B4F436A122301E760031EEC6 /* AboutViewController.m */ = {isa = PBXFileReference; lastKnownFileType = sourcecode.c.objc; path = AboutViewController.m; sourceTree = "<group>"; };
		EDFDC52ACB2C95D53810726F /* Pods_BLEDemoPeripheral.framework */ = {isa = PBXFileReference; explicitFileType = wrapper.framework; includeInIndex = 0; path = Pods_BLEDemoPeripheral.framework; sourceTree = BUILT_PRODUCTS_DIR; };
/* End PBXFileReference section */

/* Begin PBXFrameworksBuildPhase section */
		B44D1F9F1F3841840011AC95 /* Frameworks */ = {
			isa = PBXFrameworksBuildPhase;
			buildActionMask = 2147483647;
			files = (
				819F4A0A64B934D5E6793BA9 /* Pods_BLEDemoPeripheral.framework in Frameworks */,
			);
			runOnlyForDeploymentPostprocessing = 0;
		};
/* End PBXFrameworksBuildPhase section */

/* Begin PBXGroup section */
		6AF9279BD1FCDE8C6AB87C08 /* Pods */ = {
			isa = PBXGroup;
			children = (
				867E6E9C5FF211B7AE199967 /* Pods-BLEDemoPeripheral.debug.xcconfig */,
				2606390A15FA0B0AC7CDE7E5 /* Pods-BLEDemoPeripheral.release.xcconfig */,
			);
			name = Pods;
			sourceTree = "<group>";
		};
		94326C7E9B695D7E5004865A /* Frameworks */ = {
			isa = PBXGroup;
			children = (
				EDFDC52ACB2C95D53810726F /* Pods_BLEDemoPeripheral.framework */,
			);
			name = Frameworks;
			sourceTree = "<group>";
		};
		B43B4D3023079F3B009F9F94 /* LFDataMirgater */ = {
			isa = PBXGroup;
			children = (
				B43B4D3123079F3B009F9F94 /* LFDataMigrater.h */,
				B43B4D3423079F3B009F9F94 /* LFDataMigrater.m */,
				B43B4D3323079F3B009F9F94 /* LFDataInfo.h */,
				B43B4D3523079F3B009F9F94 /* LFDataInfo.m */,
				B43B4D3223079F3B009F9F94 /* NSError+LFDataMigrater.h */,
				B43B4D3623079F3B009F9F94 /* NSError+LFDataMigrater.m */,
			);
			path = LFDataMirgater;
			sourceTree = "<group>";
		};
		B44D1F991F3841840011AC95 = {
			isa = PBXGroup;
			children = (
				B44D1FA41F3841840011AC95 /* BLEDemoPeripheral */,
				B44D1FA31F3841840011AC95 /* Products */,
				6AF9279BD1FCDE8C6AB87C08 /* Pods */,
				94326C7E9B695D7E5004865A /* Frameworks */,
			);
			sourceTree = "<group>";
		};
		B44D1FA31F3841840011AC95 /* Products */ = {
			isa = PBXGroup;
			children = (
				B44D1FA21F3841840011AC95 /* BLEDemoPeripheral.app */,
			);
			name = Products;
			sourceTree = "<group>";
		};
		B44D1FA41F3841840011AC95 /* BLEDemoPeripheral */ = {
			isa = PBXGroup;
			children = (
				B44D1FA81F3841840011AC95 /* AppDelegate.h */,
				B44D1FA91F3841840011AC95 /* AppDelegate.m */,
				353D8CEC220DC6D7000C1EFB /* PrefixHeader.pch */,
				35184C79220DC2D9001C8242 /* Constants.h */,
				B4CC5DAE2243C8EC002EAE63 /* View */,
				B4CC5DAD2243C8D3002EAE63 /* Controller */,
				B4CC5DAB2243C8AF002EAE63 /* Model */,
				B4CC5DAA2243C88A002EAE63 /* Helpers */,
				B4CC5DA92243C85C002EAE63 /* Category */,
				B44D1FB11F3841840011AC95 /* Assets.xcassets */,
				B44D1FB31F3841840011AC95 /* LaunchScreen.storyboard */,
				B44D1FB61F3841840011AC95 /* Info.plist */,
				B44D1FA51F3841840011AC95 /* Supporting Files */,
			);
			path = BLEDemoPeripheral;
			sourceTree = "<group>";
		};
		B44D1FA51F3841840011AC95 /* Supporting Files */ = {
			isa = PBXGroup;
			children = (
				B44D1FA61F3841840011AC95 /* main.m */,
				35F7DB25220889270045F7B0 /* Localizable.strings */,
			);
			name = "Supporting Files";
			sourceTree = "<group>";
		};
		B4CC5DA92243C85C002EAE63 /* Category */ = {
			isa = PBXGroup;
			children = (
				3558C00E22117E900041D02D /* CBCharacteristic+StringExtensions.h */,
				3558C00F22117E900041D02D /* CBCharacteristic+StringExtensions.m */,
				B4A835112283307F0026FEDB /* UIButton+Reactive.h */,
				B4A835122283307F0026FEDB /* UIButton+Reactive.m */,
			);
			path = Category;
			sourceTree = "<group>";
		};
		B4CC5DAA2243C88A002EAE63 /* Helpers */ = {
			isa = PBXGroup;
			children = (
				B43B4D3023079F3B009F9F94 /* LFDataMirgater */,
				3558C0072211733A0041D02D /* ControllerAnimationManager.h */,
				3558C0082211733A0041D02D /* ControllerAnimationManager.m */,
				B4C2881D221EFD7A00E528AE /* DataBaseManager.h */,
				B4C2881E221EFD7A00E528AE /* DataBaseManager.m */,
			);
			path = Helpers;
			sourceTree = "<group>";
		};
		B4CC5DAB2243C8AF002EAE63 /* Model */ = {
			isa = PBXGroup;
			children = (
				35184C74220C2746001C8242 /* ViewModel.h */,
				35184C75220C2746001C8242 /* ViewModel.m */,
				35A7D6602223980300B03F12 /* DPService.h */,
				35A7D6612223980300B03F12 /* DPService.m */,
				35A7D6632223981100B03F12 /* DPCharacteristic.h */,
				35A7D6642223981100B03F12 /* DPCharacteristic.m */,
			);
			path = Model;
			sourceTree = "<group>";
		};
		B4CC5DAD2243C8D3002EAE63 /* Controller */ = {
			isa = PBXGroup;
			children = (
				3561D2652203D8C1000491D2 /* BaseViewController.h */,
				3561D2662203D8C1000491D2 /* BaseViewController.m */,
				B44D1FBC1F3842770011AC95 /* MainViewController.h */,
				B44D1FBD1F3842770011AC95 /* MainViewController.m */,
				35184C6E220ADE82001C8242 /* ServiceViewController.h */,
				35184C6F220ADE82001C8242 /* ServiceViewController.m */,
				3558C00B221174EE0041D02D /* CharacteristicViewController.h */,
				3558C00C221174EE0041D02D /* CharacteristicViewController.m */,
				B4F436A022301E760031EEC6 /* AboutViewController.h */,
				B4F436A122301E760031EEC6 /* AboutViewController.m */,
				B4EAB1D52236A05300CCA4F5 /* SideMenuViewController.h */,
				B4EAB1D62236A05300CCA4F5 /* SideMenuViewController.m */,
				35F1F89C2237B74C0042B1ED /* CentralViewController.h */,
				35F1F89D2237B74C0042B1ED /* CentralViewController.m */,
				B4CC5DA62243C808002EAE63 /* PeripheralViewController.h */,
				B4CC5DA72243C808002EAE63 /* PeripheralViewController.m */,
			);
			path = Controller;
			sourceTree = "<group>";
		};
		B4CC5DAE2243C8EC002EAE63 /* View */ = {
			isa = PBXGroup;
			children = (
				350EDF8722094C85003AD2D9 /* BaseTableViewCell.h */,
				350EDF8822094C85003AD2D9 /* BaseTableViewCell.m */,
				350EDF8C22094CEF003AD2D9 /* CharacteristicTabeViewCell.h */,
				350EDF8D22094CEF003AD2D9 /* CharacteristicTabeViewCell.m */,
				35184C71220C1A77001C8242 /* ServiceTableViewCell.h */,
				35184C72220C1A77001C8242 /* ServiceTableViewCell.m */,
				35CF435F221403D200107DE4 /* SwitchTableViewCell.h */,
				35CF4360221403D200107DE4 /* SwitchTableViewCell.m */,
				35F1F89F2237BB120042B1ED /* PeripheralTableViewCell.h */,
				35F1F8A02237BB120042B1ED /* PeripheralTableViewCell.m */,
				B40A3484224721BB0004644E /* StatusBarView.h */,
				B40A3485224721BB0004644E /* StatusBarView.m */,
				B4800130224FB6F600E0507E /* CentralServiceTableViewCell.h */,
				B4800131224FB6F600E0507E /* CentralServiceTableViewCell.m */,
				B4800133224FB96A00E0507E /* CentralCharacteristicTableViewCell.h */,
				B4800134224FB96A00E0507E /* CentralCharacteristicTableViewCell.m */,
			);
			path = View;
			sourceTree = "<group>";
		};
/* End PBXGroup section */

/* Begin PBXNativeTarget section */
		B44D1FA11F3841840011AC95 /* BLEDemoPeripheral */ = {
			isa = PBXNativeTarget;
			buildConfigurationList = B44D1FB91F3841840011AC95 /* Build configuration list for PBXNativeTarget "BLEDemoPeripheral" */;
			buildPhases = (
				15B197CC4362D7AB80EECDB6 /* [CP] Check Pods Manifest.lock */,
				B44D1F9E1F3841840011AC95 /* Sources */,
				B44D1F9F1F3841840011AC95 /* Frameworks */,
				B44D1FA01F3841840011AC95 /* Resources */,
				25446721E42988F835D3501E /* [CP] Embed Pods Frameworks */,
			);
			buildRules = (
			);
			dependencies = (
			);
			name = BLEDemoPeripheral;
			productName = BLEDemoPeripheral;
			productReference = B44D1FA21F3841840011AC95 /* BLEDemoPeripheral.app */;
			productType = "com.apple.product-type.application";
		};
/* End PBXNativeTarget section */

/* Begin PBXProject section */
		B44D1F9A1F3841840011AC95 /* Project object */ = {
			isa = PBXProject;
			attributes = {
				LastUpgradeCheck = 1010;
				ORGANIZATIONNAME = Ivan_deng;
				TargetAttributes = {
					B44D1FA11F3841840011AC95 = {
						CreatedOnToolsVersion = 8.3.3;
						DevelopmentTeam = BHD34642BX;
						ProvisioningStyle = Automatic;
					};
				};
			};
			buildConfigurationList = B44D1F9D1F3841840011AC95 /* Build configuration list for PBXProject "BLEDemoPeripheral" */;
			compatibilityVersion = "Xcode 3.2";
			developmentRegion = en;
			hasScannedForEncodings = 0;
			knownRegions = (
				en,
				Base,
				"zh-Hans",
			);
			mainGroup = B44D1F991F3841840011AC95;
			productRefGroup = B44D1FA31F3841840011AC95 /* Products */;
			projectDirPath = "";
			projectRoot = "";
			targets = (
				B44D1FA11F3841840011AC95 /* BLEDemoPeripheral */,
			);
		};
/* End PBXProject section */

/* Begin PBXResourcesBuildPhase section */
		B44D1FA01F3841840011AC95 /* Resources */ = {
			isa = PBXResourcesBuildPhase;
			buildActionMask = 2147483647;
			files = (
				B44D1FB51F3841840011AC95 /* LaunchScreen.storyboard in Resources */,
				35F7DB23220889270045F7B0 /* Localizable.strings in Resources */,
				B44D1FB21F3841840011AC95 /* Assets.xcassets in Resources */,
			);
			runOnlyForDeploymentPostprocessing = 0;
		};
/* End PBXResourcesBuildPhase section */

/* Begin PBXShellScriptBuildPhase section */
		15B197CC4362D7AB80EECDB6 /* [CP] Check Pods Manifest.lock */ = {
			isa = PBXShellScriptBuildPhase;
			buildActionMask = 2147483647;
			files = (
			);
			inputFileListPaths = (
			);
			inputPaths = (
				"${PODS_PODFILE_DIR_PATH}/Podfile.lock",
				"${PODS_ROOT}/Manifest.lock",
			);
			name = "[CP] Check Pods Manifest.lock";
			outputFileListPaths = (
			);
			outputPaths = (
				"$(DERIVED_FILE_DIR)/Pods-BLEDemoPeripheral-checkManifestLockResult.txt",
			);
			runOnlyForDeploymentPostprocessing = 0;
			shellPath = /bin/sh;
			shellScript = "diff \"${PODS_PODFILE_DIR_PATH}/Podfile.lock\" \"${PODS_ROOT}/Manifest.lock\" > /dev/null\nif [ $? != 0 ] ; then\n    # print error to STDERR\n    echo \"error: The sandbox is not in sync with the Podfile.lock. Run 'pod install' or update your CocoaPods installation.\" >&2\n    exit 1\nfi\n# This output is used by Xcode 'outputs' to avoid re-running this script phase.\necho \"SUCCESS\" > \"${SCRIPT_OUTPUT_FILE_0}\"\n";
			showEnvVarsInLog = 0;
		};
		25446721E42988F835D3501E /* [CP] Embed Pods Frameworks */ = {
			isa = PBXShellScriptBuildPhase;
			buildActionMask = 2147483647;
			files = (
			);
			inputFileListPaths = (
			);
			inputPaths = (
				"${PODS_ROOT}/Target Support Files/Pods-BLEDemoPeripheral/Pods-BLEDemoPeripheral-frameworks.sh",
				"${BUILT_PRODUCTS_DIR}/FLEX/FLEX.framework",
				"${BUILT_PRODUCTS_DIR}/FMDB/FMDB.framework",
				"${BUILT_PRODUCTS_DIR}/IQKeyboardManager/IQKeyboardManager.framework",
				"${BUILT_PRODUCTS_DIR}/Masonry/Masonry.framework",
				"${BUILT_PRODUCTS_DIR}/PKRevealController/PKRevealController.framework",
				"${BUILT_PRODUCTS_DIR}/PSTAlertController/PSTAlertController.framework",
				"${BUILT_PRODUCTS_DIR}/SVProgressHUD/SVProgressHUD.framework",
				"${BUILT_PRODUCTS_DIR}/UIExtensionKit/UIExtensionKit.framework",
				"${BUILT_PRODUCTS_DIR}/iOSDeviceScreenAdapter/iOSDeviceScreenAdapter.framework",
				"${BUILT_PRODUCTS_DIR}/pop/pop.framework",
			);
			name = "[CP] Embed Pods Frameworks";
			outputFileListPaths = (
			);
			outputPaths = (
				"${TARGET_BUILD_DIR}/${FRAMEWORKS_FOLDER_PATH}/FLEX.framework",
				"${TARGET_BUILD_DIR}/${FRAMEWORKS_FOLDER_PATH}/FMDB.framework",
				"${TARGET_BUILD_DIR}/${FRAMEWORKS_FOLDER_PATH}/IQKeyboardManager.framework",
				"${TARGET_BUILD_DIR}/${FRAMEWORKS_FOLDER_PATH}/Masonry.framework",
				"${TARGET_BUILD_DIR}/${FRAMEWORKS_FOLDER_PATH}/PKRevealController.framework",
				"${TARGET_BUILD_DIR}/${FRAMEWORKS_FOLDER_PATH}/PSTAlertController.framework",
				"${TARGET_BUILD_DIR}/${FRAMEWORKS_FOLDER_PATH}/SVProgressHUD.framework",
				"${TARGET_BUILD_DIR}/${FRAMEWORKS_FOLDER_PATH}/UIExtensionKit.framework",
				"${TARGET_BUILD_DIR}/${FRAMEWORKS_FOLDER_PATH}/iOSDeviceScreenAdapter.framework",
				"${TARGET_BUILD_DIR}/${FRAMEWORKS_FOLDER_PATH}/pop.framework",
			);
			runOnlyForDeploymentPostprocessing = 0;
			shellPath = /bin/sh;
			shellScript = "\"${PODS_ROOT}/Target Support Files/Pods-BLEDemoPeripheral/Pods-BLEDemoPeripheral-frameworks.sh\"\n";
			showEnvVarsInLog = 0;
		};
/* End PBXShellScriptBuildPhase section */

/* Begin PBXSourcesBuildPhase section */
		B44D1F9E1F3841840011AC95 /* Sources */ = {
			isa = PBXSourcesBuildPhase;
			buildActionMask = 2147483647;
			files = (
				B43B4D3723079F3C009F9F94 /* LFDataMigrater.m in Sources */,
				B4EAB1D72236A05300CCA4F5 /* SideMenuViewController.m in Sources */,
				350EDF8922094C85003AD2D9 /* BaseTableViewCell.m in Sources */,
				35CF4361221403D200107DE4 /* SwitchTableViewCell.m in Sources */,
				B4800132224FB6F600E0507E /* CentralServiceTableViewCell.m in Sources */,
				35A7D6652223981100B03F12 /* DPCharacteristic.m in Sources */,
				B43B4D3823079F3C009F9F94 /* LFDataInfo.m in Sources */,
				B40A3486224721BB0004644E /* StatusBarView.m in Sources */,
				B44D1FAA1F3841840011AC95 /* AppDelegate.m in Sources */,
				3561D2672203D8C1000491D2 /* BaseViewController.m in Sources */,
				3558C00D221174EE0041D02D /* CharacteristicViewController.m in Sources */,
				35184C70220ADE82001C8242 /* ServiceViewController.m in Sources */,
				B4CC5DA82243C808002EAE63 /* PeripheralViewController.m in Sources */,
				B44D1FBE1F3842770011AC95 /* MainViewController.m in Sources */,
				B4A835132283307F0026FEDB /* UIButton+Reactive.m in Sources */,
				B4800135224FB96A00E0507E /* CentralCharacteristicTableViewCell.m in Sources */,
				3558C01022117E900041D02D /* CBCharacteristic+StringExtensions.m in Sources */,
				B4F436A222301E760031EEC6 /* AboutViewController.m in Sources */,
				35184C73220C1A77001C8242 /* ServiceTableViewCell.m in Sources */,
				35184C76220C2746001C8242 /* ViewModel.m in Sources */,
				B43B4D3923079F3C009F9F94 /* NSError+LFDataMigrater.m in Sources */,
				B4C2881F221EFD7A00E528AE /* DataBaseManager.m in Sources */,
				3558C0092211733A0041D02D /* ControllerAnimationManager.m in Sources */,
				35F1F8A12237BB120042B1ED /* PeripheralTableViewCell.m in Sources */,
				35A7D6622223980300B03F12 /* DPService.m in Sources */,
				350EDF8E22094CEF003AD2D9 /* CharacteristicTabeViewCell.m in Sources */,
				35F1F89E2237B74C0042B1ED /* CentralViewController.m in Sources */,
				B44D1FA71F3841840011AC95 /* main.m in Sources */,
			);
			runOnlyForDeploymentPostprocessing = 0;
		};
/* End PBXSourcesBuildPhase section */

/* Begin PBXVariantGroup section */
		35F7DB25220889270045F7B0 /* Localizable.strings */ = {
			isa = PBXVariantGroup;
			children = (
				35F7DB24220889270045F7B0 /* en */,
				35F7DB26220889390045F7B0 /* zh-Hans */,
			);
			name = Localizable.strings;
			sourceTree = "<group>";
		};
		B44D1FB31F3841840011AC95 /* LaunchScreen.storyboard */ = {
			isa = PBXVariantGroup;
			children = (
				B44D1FB41F3841840011AC95 /* Base */,
				35F7DB20220888870045F7B0 /* zh-Hans */,
			);
			name = LaunchScreen.storyboard;
			sourceTree = "<group>";
		};
/* End PBXVariantGroup section */

/* Begin XCBuildConfiguration section */
		B44D1FB71F3841840011AC95 /* Debug */ = {
			isa = XCBuildConfiguration;
			buildSettings = {
				ALWAYS_SEARCH_USER_PATHS = NO;
				CLANG_ANALYZER_LOCALIZABILITY_NONLOCALIZED = YES;
				CLANG_ANALYZER_NONNULL = YES;
				CLANG_ANALYZER_NUMBER_OBJECT_CONVERSION = YES_AGGRESSIVE;
				CLANG_CXX_LANGUAGE_STANDARD = "gnu++0x";
				CLANG_CXX_LIBRARY = "libc++";
				CLANG_ENABLE_MODULES = YES;
				CLANG_ENABLE_OBJC_ARC = YES;
				CLANG_WARN_BLOCK_CAPTURE_AUTORELEASING = YES;
				CLANG_WARN_BOOL_CONVERSION = YES;
				CLANG_WARN_COMMA = YES;
				CLANG_WARN_CONSTANT_CONVERSION = YES;
				CLANG_WARN_DEPRECATED_OBJC_IMPLEMENTATIONS = YES;
				CLANG_WARN_DIRECT_OBJC_ISA_USAGE = YES_ERROR;
				CLANG_WARN_DOCUMENTATION_COMMENTS = YES;
				CLANG_WARN_EMPTY_BODY = YES;
				CLANG_WARN_ENUM_CONVERSION = YES;
				CLANG_WARN_INFINITE_RECURSION = YES;
				CLANG_WARN_INT_CONVERSION = YES;
				CLANG_WARN_NON_LITERAL_NULL_CONVERSION = YES;
				CLANG_WARN_OBJC_IMPLICIT_RETAIN_SELF = YES;
				CLANG_WARN_OBJC_LITERAL_CONVERSION = YES;
				CLANG_WARN_OBJC_ROOT_CLASS = YES_ERROR;
				CLANG_WARN_RANGE_LOOP_ANALYSIS = YES;
				CLANG_WARN_STRICT_PROTOTYPES = YES;
				CLANG_WARN_SUSPICIOUS_MOVE = YES;
				CLANG_WARN_UNREACHABLE_CODE = YES;
				CLANG_WARN__DUPLICATE_METHOD_MATCH = YES;
				"CODE_SIGN_IDENTITY[sdk=iphoneos*]" = "iPhone Developer";
				COPY_PHASE_STRIP = NO;
				DEBUG_INFORMATION_FORMAT = dwarf;
				ENABLE_STRICT_OBJC_MSGSEND = YES;
				ENABLE_TESTABILITY = YES;
				GCC_C_LANGUAGE_STANDARD = gnu99;
				GCC_DYNAMIC_NO_PIC = NO;
				GCC_NO_COMMON_BLOCKS = YES;
				GCC_OPTIMIZATION_LEVEL = 0;
				GCC_PREPROCESSOR_DEFINITIONS = (
					"DEBUG=1",
					"$(inherited)",
				);
				GCC_WARN_64_TO_32_BIT_CONVERSION = YES;
				GCC_WARN_ABOUT_RETURN_TYPE = YES_ERROR;
				GCC_WARN_UNDECLARED_SELECTOR = YES;
				GCC_WARN_UNINITIALIZED_AUTOS = YES_AGGRESSIVE;
				GCC_WARN_UNUSED_FUNCTION = YES;
				GCC_WARN_UNUSED_VARIABLE = YES;
				IPHONEOS_DEPLOYMENT_TARGET = 10.3;
				MTL_ENABLE_DEBUG_INFO = YES;
				ONLY_ACTIVE_ARCH = YES;
				SDKROOT = iphoneos;
			};
			name = Debug;
		};
		B44D1FB81F3841840011AC95 /* Release */ = {
			isa = XCBuildConfiguration;
			buildSettings = {
				ALWAYS_SEARCH_USER_PATHS = NO;
				CLANG_ANALYZER_LOCALIZABILITY_NONLOCALIZED = YES;
				CLANG_ANALYZER_NONNULL = YES;
				CLANG_ANALYZER_NUMBER_OBJECT_CONVERSION = YES_AGGRESSIVE;
				CLANG_CXX_LANGUAGE_STANDARD = "gnu++0x";
				CLANG_CXX_LIBRARY = "libc++";
				CLANG_ENABLE_MODULES = YES;
				CLANG_ENABLE_OBJC_ARC = YES;
				CLANG_WARN_BLOCK_CAPTURE_AUTORELEASING = YES;
				CLANG_WARN_BOOL_CONVERSION = YES;
				CLANG_WARN_COMMA = YES;
				CLANG_WARN_CONSTANT_CONVERSION = YES;
				CLANG_WARN_DEPRECATED_OBJC_IMPLEMENTATIONS = YES;
				CLANG_WARN_DIRECT_OBJC_ISA_USAGE = YES_ERROR;
				CLANG_WARN_DOCUMENTATION_COMMENTS = YES;
				CLANG_WARN_EMPTY_BODY = YES;
				CLANG_WARN_ENUM_CONVERSION = YES;
				CLANG_WARN_INFINITE_RECURSION = YES;
				CLANG_WARN_INT_CONVERSION = YES;
				CLANG_WARN_NON_LITERAL_NULL_CONVERSION = YES;
				CLANG_WARN_OBJC_IMPLICIT_RETAIN_SELF = YES;
				CLANG_WARN_OBJC_LITERAL_CONVERSION = YES;
				CLANG_WARN_OBJC_ROOT_CLASS = YES_ERROR;
				CLANG_WARN_RANGE_LOOP_ANALYSIS = YES;
				CLANG_WARN_STRICT_PROTOTYPES = YES;
				CLANG_WARN_SUSPICIOUS_MOVE = YES;
				CLANG_WARN_UNREACHABLE_CODE = YES;
				CLANG_WARN__DUPLICATE_METHOD_MATCH = YES;
				"CODE_SIGN_IDENTITY[sdk=iphoneos*]" = "iPhone Developer";
				COPY_PHASE_STRIP = NO;
				DEBUG_INFORMATION_FORMAT = "dwarf-with-dsym";
				ENABLE_NS_ASSERTIONS = NO;
				ENABLE_STRICT_OBJC_MSGSEND = YES;
				GCC_C_LANGUAGE_STANDARD = gnu99;
				GCC_NO_COMMON_BLOCKS = YES;
				GCC_WARN_64_TO_32_BIT_CONVERSION = YES;
				GCC_WARN_ABOUT_RETURN_TYPE = YES_ERROR;
				GCC_WARN_UNDECLARED_SELECTOR = YES;
				GCC_WARN_UNINITIALIZED_AUTOS = YES_AGGRESSIVE;
				GCC_WARN_UNUSED_FUNCTION = YES;
				GCC_WARN_UNUSED_VARIABLE = YES;
				IPHONEOS_DEPLOYMENT_TARGET = 10.3;
				MTL_ENABLE_DEBUG_INFO = NO;
				SDKROOT = iphoneos;
				VALIDATE_PRODUCT = YES;
			};
			name = Release;
		};
		B44D1FBA1F3841840011AC95 /* Debug */ = {
			isa = XCBuildConfiguration;
			baseConfigurationReference = 867E6E9C5FF211B7AE199967 /* Pods-BLEDemoPeripheral.debug.xcconfig */;
			buildSettings = {
				ASSETCATALOG_COMPILER_APPICON_NAME = AppIcon;
				CLANG_ENABLE_OBJC_WEAK = YES;
				CODE_SIGN_IDENTITY = "iPhone Developer";
				CODE_SIGN_STYLE = Automatic;
				DEVELOPMENT_TEAM = BHD34642BX;
				GCC_PRECOMPILE_PREFIX_HEADER = YES;
				GCC_PREFIX_HEADER = "$(SRCROOT)/BLEDemoPeripheral/PrefixHeader.pch";
				INFOPLIST_FILE = BLEDemoPeripheral/Info.plist;
				IPHONEOS_DEPLOYMENT_TARGET = 10.2;
				LD_RUNPATH_SEARCH_PATHS = "$(inherited) @executable_path/Frameworks";
				PRECOMPS_INCLUDE_HEADERS_FROM_BUILT_PRODUCTS_DIR = NO;
				PRODUCT_BUNDLE_IDENTIFIER = com.GitHub.BLEDemoPeripheral;
				PRODUCT_NAME = "$(TARGET_NAME)";
				PROVISIONING_PROFILE_SPECIFIER = "";
				SCAN_ALL_SOURCE_FILES_FOR_INCLUDES = YES;
			};
			name = Debug;
		};
		B44D1FBB1F3841840011AC95 /* Release */ = {
			isa = XCBuildConfiguration;
			baseConfigurationReference = 2606390A15FA0B0AC7CDE7E5 /* Pods-BLEDemoPeripheral.release.xcconfig */;
			buildSettings = {
				ASSETCATALOG_COMPILER_APPICON_NAME = AppIcon;
				CLANG_ENABLE_OBJC_WEAK = YES;
				CODE_SIGN_IDENTITY = "iPhone Developer";
				CODE_SIGN_STYLE = Automatic;
				DEVELOPMENT_TEAM = BHD34642BX;
				GCC_PRECOMPILE_PREFIX_HEADER = YES;
				GCC_PREFIX_HEADER = "$(SRCROOT)/BLEDemoPeripheral/PrefixHeader.pch";
				INFOPLIST_FILE = BLEDemoPeripheral/Info.plist;
				IPHONEOS_DEPLOYMENT_TARGET = 10.2;
				LD_RUNPATH_SEARCH_PATHS = "$(inherited) @executable_path/Frameworks";
				PRECOMPS_INCLUDE_HEADERS_FROM_BUILT_PRODUCTS_DIR = NO;
				PRODUCT_BUNDLE_IDENTIFIER = com.GitHub.BLEDemoPeripheral;
				PRODUCT_NAME = "$(TARGET_NAME)";
				PROVISIONING_PROFILE_SPECIFIER = "";
				SCAN_ALL_SOURCE_FILES_FOR_INCLUDES = YES;
			};
			name = Release;
		};
/* End XCBuildConfiguration section */

/* Begin XCConfigurationList section */
		B44D1F9D1F3841840011AC95 /* Build configuration list for PBXProject "BLEDemoPeripheral" */ = {
			isa = XCConfigurationList;
			buildConfigurations = (
				B44D1FB71F3841840011AC95 /* Debug */,
				B44D1FB81F3841840011AC95 /* Release */,
			);
			defaultConfigurationIsVisible = 0;
			defaultConfigurationName = Release;
		};
		B44D1FB91F3841840011AC95 /* Build configuration list for PBXNativeTarget "BLEDemoPeripheral" */ = {
			isa = XCConfigurationList;
			buildConfigurations = (
				B44D1FBA1F3841840011AC95 /* Debug */,
				B44D1FBB1F3841840011AC95 /* Release */,
			);
			defaultConfigurationIsVisible = 0;
			defaultConfigurationName = Release;
		};
/* End XCConfigurationList section */
	};
	rootObject = B44D1F9A1F3841840011AC95 /* Project object */;
}
